// !$*UTF8*$!
{
	archiveVersion = 1;
	classes = {
	};
	objectVersion = 77;
	objects = {

/* Begin PBXBuildFile section */
		8D03AE367096FF55C34A6941 /* PortalsOSApp.swift in Sources */ = {isa = PBXBuildFile; fileRef = C9D07168B49947045A6736CD /* PortalsOSApp.swift */; };
		9E12C1BC0EBE65FA420FA3BD /* HomeScreenPrototypeView.swift in Sources */ = {isa = PBXBuildFile; fileRef = 84082F787849F76DB3104FF0 /* HomeScreenPrototypeView.swift */; };
		B7E4A91C2D8F4B0A9E3C1D70 /* BrowserAppView.swift in Sources */ = {isa = PBXBuildFile; fileRef = C8F5B02D3E9A5C1B0F4D2E81 /* BrowserAppView.swift */; };
		A11C4E7B2F8D4A1E9C3B5D71 /* CameraAppView.swift in Sources */ = {isa = PBXBuildFile; fileRef = A11C4E7B2F8D4A1E9C3B5D70 /* CameraAppView.swift */; };
		A11C4E7B2F8D4A1E9C3B5D73 /* NotesAppView.swift in Sources */ = {isa = PBXBuildFile; fileRef = A11C4E7B2F8D4A1E9C3B5D72 /* NotesAppView.swift */; };
		D5C20D98E51F86D4C87F978D /* NebiusService.swift in Sources */ = {isa = PBXBuildFile; fileRef = 8DE609531C24CF84FB304ACF /* NebiusService.swift */; };
		F2A3B4C5D6E7F8091A2B3C42 /* NebiusLocalSecrets.swift in Sources */ = {isa = PBXBuildFile; fileRef = F2A3B4C5D6E7F8091A2B3C41 /* NebiusLocalSecrets.swift */; };
		B21C4E7B2F8D4A1E9C3B5D81 /* GmailEngine.swift in Sources */ = {isa = PBXBuildFile; fileRef = B21C4E7B2F8D4A1E9C3B5D80 /* GmailEngine.swift */; };
		B21C4E7B2F8D4A1E9C3B5D83 /* MailAppView.swift in Sources */ = {isa = PBXBuildFile; fileRef = B21C4E7B2F8D4A1E9C3B5D82 /* MailAppView.swift */; };
		C4E8A91B2F8D4A1E9C3B5D91 /* KeyboardSupport.swift in Sources */ = {isa = PBXBuildFile; fileRef = C4E8A91B2F8D4A1E9C3B5D90 /* KeyboardSupport.swift */; };
		C4E8A91B2F8D4A1E9C3B5DA1 /* GoogleCalendarEngine.swift in Sources */ = {isa = PBXBuildFile; fileRef = C4E8A91B2F8D4A1E9C3B5DA0 /* GoogleCalendarEngine.swift */; };
		C4E8A91B2F8D4A1E9C3B5DA3 /* CalendarAppView.swift in Sources */ = {isa = PBXBuildFile; fileRef = C4E8A91B2F8D4A1E9C3B5DA2 /* CalendarAppView.swift */; };
		C4E8A91B2F8D4A1E9C3B5DA5 /* WeatherEngine.swift in Sources */ = {isa = PBXBuildFile; fileRef = C4E8A91B2F8D4A1E9C3B5DA4 /* WeatherEngine.swift */; };
		C4E8A91B2F8D4A1E9C3B5DA7 /* WeatherAppView.swift in Sources */ = {isa = PBXBuildFile; fileRef = C4E8A91B2F8D4A1E9C3B5DA6 /* WeatherAppView.swift */; };
		D8F1A2B3C4D5E6F708192A3B /* AgentChannelAppView.swift in Sources */ = {isa = PBXBuildFile; fileRef = D8F1A2B3C4D5E6F708192A3A /* AgentChannelAppView.swift */; };
		E9A1B2C3D4E5F60718293A4B /* MapsEngine.swift in Sources */ = {isa = PBXBuildFile; fileRef = E9A1B2C3D4E5F60718293A4A /* MapsEngine.swift */; };
		E9A1B2C3D4E5F60718293A4D /* MapsAppView.swift in Sources */ = {isa = PBXBuildFile; fileRef = E9A1B2C3D4E5F60718293A4C /* MapsAppView.swift */; };
/* End PBXBuildFile section */

/* Begin PBXFileReference section */
		1BE2CF07CA7FE0B146D1EBBB /* PortalOS.app */ = {isa = PBXFileReference; explicitFileType = wrapper.application; includeInIndex = 0; path = PortalOS.app; sourceTree = BUILT_PRODUCTS_DIR; };
		84082F787849F76DB3104FF0 /* HomeScreenPrototypeView.swift */ = {isa = PBXFileReference; lastKnownFileType = sourcecode.swift; path = HomeScreenPrototypeView.swift; sourceTree = "<group>"; };
		8DE609531C24CF84FB304ACF /* NebiusService.swift */ = {isa = PBXFileReference; lastKnownFileType = sourcecode.swift; path = NebiusService.swift; sourceTree = "<group>"; };
		A11C4E7B2F8D4A1E9C3B5D70 /* CameraAppView.swift */ = {isa = PBXFileReference; lastKnownFileType = sourcecode.swift; path = CameraAppView.swift; sourceTree = "<group>"; };
		A11C4E7B2F8D4A1E9C3B5D72 /* NotesAppView.swift */ = {isa = PBXFileReference; lastKnownFileType = sourcecode.swift; path = NotesAppView.swift; sourceTree = "<group>"; };
		A91C4E7B2F8D4A1E9C3B5D60 /* PortalsOS.xcconfig */ = {isa = PBXFileReference; lastKnownFileType = text.xcconfig; path = PortalsOS.xcconfig; sourceTree = "<group>"; };
		C8F5B02D3E9A5C1B0F4D2E81 /* BrowserAppView.swift */ = {isa = PBXFileReference; lastKnownFileType = sourcecode.swift; path = BrowserAppView.swift; sourceTree = "<group>"; };
		C9D07168B49947045A6736CD /* PortalsOSApp.swift */ = {isa = PBXFileReference; lastKnownFileType = sourcecode.swift; path = PortalsOSApp.swift; sourceTree = "<group>"; };
		F2A3B4C5D6E7F8091A2B3C41 /* NebiusLocalSecrets.swift */ = {isa = PBXFileReference; lastKnownFileType = sourcecode.swift; path = NebiusLocalSecrets.swift; sourceTree = "<group>"; };
		B21C4E7B2F8D4A1E9C3B5D80 /* GmailEngine.swift */ = {isa = PBXFileReference; lastKnownFileType = sourcecode.swift; path = GmailEngine.swift; sourceTree = "<group>"; };
		B21C4E7B2F8D4A1E9C3B5D82 /* MailAppView.swift */ = {isa = PBXFileReference; lastKnownFileType = sourcecode.swift; path = MailAppView.swift; sourceTree = "<group>"; };
		C4E8A91B2F8D4A1E9C3B5D90 /* KeyboardSupport.swift */ = {isa = PBXFileReference; lastKnownFileType = sourcecode.swift; path = KeyboardSupport.swift; sourceTree = "<group>"; };
		C4E8A91B2F8D4A1E9C3B5DA0 /* GoogleCalendarEngine.swift */ = {isa = PBXFileReference; lastKnownFileType = sourcecode.swift; path = GoogleCalendarEngine.swift; sourceTree = "<group>"; };
		C4E8A91B2F8D4A1E9C3B5DA2 /* CalendarAppView.swift */ = {isa = PBXFileReference; lastKnownFileType = sourcecode.swift; path = CalendarAppView.swift; sourceTree = "<group>"; };
		C4E8A91B2F8D4A1E9C3B5DA4 /* WeatherEngine.swift */ = {isa = PBXFileReference; lastKnownFileType = sourcecode.swift; path = WeatherEngine.swift; sourceTree = "<group>"; };
		C4E8A91B2F8D4A1E9C3B5DA6 /* WeatherAppView.swift */ = {isa = PBXFileReference; lastKnownFileType = sourcecode.swift; path = WeatherAppView.swift; sourceTree = "<group>"; };
		D8F1A2B3C4D5E6F708192A3A /* AgentChannelAppView.swift */ = {isa = PBXFileReference; lastKnownFileType = sourcecode.swift; path = AgentChannelAppView.swift; sourceTree = "<group>"; };
		E9A1B2C3D4E5F60718293A4A /* MapsEngine.swift */ = {isa = PBXFileReference; lastKnownFileType = sourcecode.swift; path = MapsEngine.swift; sourceTree = "<group>"; };
		E9A1B2C3D4E5F60718293A4C /* MapsAppView.swift */ = {isa = PBXFileReference; lastKnownFileType = sourcecode.swift; path = MapsAppView.swift; sourceTree = "<group>"; };
/* End PBXFileReference section */

/* Begin PBXGroup section */
		11B4981B2E72B10ED1342DA2 /* Products */ = {
			isa = PBXGroup;
			children = (
				1BE2CF07CA7FE0B146D1EBBB /* PortalOS.app */,
			);
			name = Products;
			sourceTree = "<group>";
		};
		19F2FDFB037B205C90715120 /* Sources */ = {
			isa = PBXGroup;
			children = (
				F2A3B4C5D6E7F8091A2B3C43 /* Generated */,
				D8F1A2B3C4D5E6F708192A3A /* AgentChannelAppView.swift */,
				C8F5B02D3E9A5C1B0F4D2E81 /* BrowserAppView.swift */,
				A11C4E7B2F8D4A1E9C3B5D70 /* CameraAppView.swift */,
				C4E8A91B2F8D4A1E9C3B5DA2 /* CalendarAppView.swift */,
				B21C4E7B2F8D4A1E9C3B5D80 /* GmailEngine.swift */,
				C4E8A91B2F8D4A1E9C3B5DA0 /* GoogleCalendarEngine.swift */,
				84082F787849F76DB3104FF0 /* HomeScreenPrototypeView.swift */,
				C4E8A91B2F8D4A1E9C3B5D90 /* KeyboardSupport.swift */,
				B21C4E7B2F8D4A1E9C3B5D82 /* MailAppView.swift */,
				E9A1B2C3D4E5F60718293A4C /* MapsAppView.swift */,
				E9A1B2C3D4E5F60718293A4A /* MapsEngine.swift */,
				A11C4E7B2F8D4A1E9C3B5D72 /* NotesAppView.swift */,
				8DE609531C24CF84FB304ACF /* NebiusService.swift */,
				C9D07168B49947045A6736CD /* PortalsOSApp.swift */,
				C4E8A91B2F8D4A1E9C3B5DA4 /* WeatherEngine.swift */,
				C4E8A91B2F8D4A1E9C3B5DA6 /* WeatherAppView.swift */,
			);
			path = Sources;
			sourceTree = "<group>";
		};
		F2A3B4C5D6E7F8091A2B3C43 /* Generated */ = {
			isa = PBXGroup;
			children = (
				F2A3B4C5D6E7F8091A2B3C41 /* NebiusLocalSecrets.swift */,
			);
			path = Generated;
			sourceTree = "<group>";
		};
		A91C4E7B2F8D4A1E9C3B5D61 /* Config */ = {
			isa = PBXGroup;
			children = (
				A91C4E7B2F8D4A1E9C3B5D60 /* PortalsOS.xcconfig */,
			);
			path = Config;
			sourceTree = "<group>";
		};
		B5E2C8C21A91E245B036FB34 = {
			isa = PBXGroup;
			children = (
				A91C4E7B2F8D4A1E9C3B5D61 /* Config */,
				19F2FDFB037B205C90715120 /* Sources */,
				11B4981B2E72B10ED1342DA2 /* Products */,
			);
			sourceTree = "<group>";
		};
/* End PBXGroup section */

/* Begin PBXNativeTarget section */
		8A9B62D30643DD82AA7E6F72 /* PortalsOS */ = {
			isa = PBXNativeTarget;
			buildConfigurationList = AE0080CE2C0DC3705D21347B /* Build configuration list for PBXNativeTarget "PortalsOS" */;
			buildPhases = (
				F2A3B4C5D6E7F8091A2B3C40 /* Generate Nebius Secrets */,
				9A895D051585FA5920079AE7 /* Sources */,
				E1A2B3C4D5E6F708192A3B4C /* Embed Nebius API Key */,
			);
			buildRules = (
			);
			dependencies = (
			);
			name = PortalsOS;
			packageProductDependencies = (
			);
			productName = PortalOS;
			productReference = 1BE2CF07CA7FE0B146D1EBBB /* PortalOS.app */;
			productType = "com.apple.product-type.application";
		};
/* End PBXNativeTarget section */

/* Begin PBXProject section */
		BD0CD667F8093416ADF1B290 /* Project object */ = {
			isa = PBXProject;
			attributes = {
				BuildIndependentTargetsInParallel = YES;
				LastUpgradeCheck = 1430;
			};
			buildConfigurationList = 9972A004DA97D34A14B3C4F5 /* Build configuration list for PBXProject "PortalsOS" */;
			developmentRegion = en;
			hasScannedForEncodings = 0;
			knownRegions = (
				Base,
				en,
			);
			mainGroup = B5E2C8C21A91E245B036FB34;
			minimizedProjectReferenceProxies = 1;
			preferredProjectObjectVersion = 77;
			productRefGroup = 11B4981B2E72B10ED1342DA2 /* Products */;
			projectDirPath = "";
			projectRoot = "";
			targets = (
				8A9B62D30643DD82AA7E6F72 /* PortalsOS */,
			);
		};
/* End PBXProject section */

/* Begin PBXSourcesBuildPhase section */
		9A895D051585FA5920079AE7 /* Sources */ = {
			isa = PBXSourcesBuildPhase;
			buildActionMask = 2147483647;
			files = (
				D8F1A2B3C4D5E6F708192A3B /* AgentChannelAppView.swift in Sources */,
				B7E4A91C2D8F4B0A9E3C1D70 /* BrowserAppView.swift in Sources */,
				A11C4E7B2F8D4A1E9C3B5D71 /* CameraAppView.swift in Sources */,
				C4E8A91B2F8D4A1E9C3B5DA3 /* CalendarAppView.swift in Sources */,
				B21C4E7B2F8D4A1E9C3B5D81 /* GmailEngine.swift in Sources */,
				C4E8A91B2F8D4A1E9C3B5DA1 /* GoogleCalendarEngine.swift in Sources */,
				9E12C1BC0EBE65FA420FA3BD /* HomeScreenPrototypeView.swift in Sources */,
				C4E8A91B2F8D4A1E9C3B5D91 /* KeyboardSupport.swift in Sources */,
				B21C4E7B2F8D4A1E9C3B5D83 /* MailAppView.swift in Sources */,
				E9A1B2C3D4E5F60718293A4D /* MapsAppView.swift in Sources */,
				E9A1B2C3D4E5F60718293A4B /* MapsEngine.swift in Sources */,
				A11C4E7B2F8D4A1E9C3B5D73 /* NotesAppView.swift in Sources */,
				F2A3B4C5D6E7F8091A2B3C42 /* NebiusLocalSecrets.swift in Sources */,
				D5C20D98E51F86D4C87F978D /* NebiusService.swift in Sources */,
				8D03AE367096FF55C34A6941 /* PortalsOSApp.swift in Sources */,
				C4E8A91B2F8D4A1E9C3B5DA5 /* WeatherEngine.swift in Sources */,
				C4E8A91B2F8D4A1E9C3B5DA7 /* WeatherAppView.swift in Sources */,
			);
			runOnlyForDeploymentPostprocessing = 0;
		};
/* End PBXSourcesBuildPhase section */

/* Begin PBXShellScriptBuildPhase section */
		F2A3B4C5D6E7F8091A2B3C40 /* Generate Nebius Secrets */ = {
			isa = PBXShellScriptBuildPhase;
			alwaysOutOfDate = 1;
			buildActionMask = 2147483647;
			files = (
			);
			inputFileListPaths = (
			);
			inputPaths = (
				"$(SRCROOT)/backend/.env",
				"$(SRCROOT)/Config/generate_nebius_secrets.py",
			);
			name = "Generate Nebius Secrets";
			outputFileListPaths = (
			);
			outputPaths = (
				"$(SRCROOT)/Sources/Generated/NebiusLocalSecrets.swift",
			);
			runOnlyForDeploymentPostprocessing = 0;
			shellPath = /bin/sh;
			shellScript = "python3 \"$SRCROOT/Config/generate_nebius_secrets.py\"\n";
		};
		E1A2B3C4D5E6F708192A3B4C /* Embed Nebius API Key */ = {
			isa = PBXShellScriptBuildPhase;
			alwaysOutOfDate = 1;
			buildActionMask = 2147483647;
			files = (
			);
			inputFileListPaths = (
			);
			inputPaths = (
				"$(SRCROOT)/backend/.env",
				"$(SRCROOT)/Config/Secrets.xcconfig",
				"$(SRCROOT)/Config/embed_nebius_key.py",
			);
			name = "Embed Nebius API Key";
			outputFileListPaths = (
			);
			outputPaths = (
			);
			runOnlyForDeploymentPostprocessing = 0;
			shellPath = /bin/sh;
			shellScript = "python3 \"$SRCROOT/Config/embed_nebius_key.py\"\n";
		};
/* End PBXShellScriptBuildPhase section */

/* Begin XCBuildConfiguration section */
		032E52D31B843EFBF99A5318 /* Debug */ = {
			isa = XCBuildConfiguration;
			buildSettings = {
				ALWAYS_SEARCH_USER_PATHS = NO;
				CLANG_ANALYZER_NONNULL = YES;
				CLANG_ANALYZER_NUMBER_OBJECT_CONVERSION = YES_AGGRESSIVE;
				CLANG_CXX_LANGUAGE_STANDARD = "gnu++14";
				CLANG_CXX_LIBRARY = "libc++";
				CLANG_ENABLE_MODULES = YES;
				CLANG_ENABLE_OBJC_ARC = YES;
				CLANG_ENABLE_OBJC_WEAK = YES;
				CLANG_WARN_BLOCK_CAPTURE_AUTORELEASING = YES;
				CLANG_WARN_BOOL_CONVERSION = YES;
				CLANG_WARN_COMMA = YES;
				CLANG_WARN_CONSTANT_CONVERSION = YES;
				CLANG_WARN_DEPRECATED_OBJC_IMPLEMENTATIONS = YES;
				CLANG_WARN_DIRECT_OBJC_ISA_USAGE = YES_ERROR;
				CLANG_WARN_DOCUMENTATION_COMMENTS = YES;
				CLANG_WARN_EMPTY_BODY = YES;
				CLANG_WARN_ENUM_CONVERSION = YES;
				CLANG_WARN_INFINITE_RECURSION = YES;
				CLANG_WARN_INT_CONVERSION = YES;
				CLANG_WARN_NON_LITERAL_NULL_CONVERSION = YES;
				CLANG_WARN_OBJC_IMPLICIT_RETAIN_SELF = YES;
				CLANG_WARN_OBJC_LITERAL_CONVERSION = YES;
				CLANG_WARN_OBJC_ROOT_CLASS = YES_ERROR;
				CLANG_WARN_QUOTED_INCLUDE_IN_FRAMEWORK_HEADER = YES;
				CLANG_WARN_RANGE_LOOP_ANALYSIS = YES;
				CLANG_WARN_STRICT_PROTOTYPES = YES;
				CLANG_WARN_SUSPICIOUS_MOVE = YES;
				CLANG_WARN_UNGUARDED_AVAILABILITY = YES_AGGRESSIVE;
				CLANG_WARN_UNREACHABLE_CODE = YES;
				CLANG_WARN__DUPLICATE_METHOD_MATCH = YES;
				COPY_PHASE_STRIP = NO;
				DEBUG_INFORMATION_FORMAT = dwarf;
				ENABLE_STRICT_OBJC_MSGSEND = YES;
				ENABLE_TESTABILITY = YES;
				GCC_C_LANGUAGE_STANDARD = gnu11;
				GCC_DYNAMIC_NO_PIC = NO;
				GCC_NO_COMMON_BLOCKS = YES;
				GCC_OPTIMIZATION_LEVEL = 0;
				GCC_PREPROCESSOR_DEFINITIONS = (
					"$(inherited)",
					"DEBUG=1",
				);
				GCC_WARN_64_TO_32_BIT_CONVERSION = YES;
				GCC_WARN_ABOUT_RETURN_TYPE = YES_ERROR;
				GCC_WARN_UNDECLARED_SELECTOR = YES;
				GCC_WARN_UNINITIALIZED_AUTOS = YES_AGGRESSIVE;
				GCC_WARN_UNUSED_FUNCTION = YES;
				GCC_WARN_UNUSED_VARIABLE = YES;
				IPHONEOS_DEPLOYMENT_TARGET = 17.0;
				MTL_ENABLE_DEBUG_INFO = INCLUDE_SOURCE;
				MTL_FAST_MATH = YES;
				ONLY_ACTIVE_ARCH = YES;
				PRODUCT_BUNDLE_IDENTIFIER = com.portalsos.app;
				PRODUCT_NAME = PortalOS;
				SDKROOT = iphoneos;
				SWIFT_ACTIVE_COMPILATION_CONDITIONS = DEBUG;
				SWIFT_OPTIMIZATION_LEVEL = "-Onone";
				SWIFT_VERSION = 5.0;
			};
			name = Debug;
		};
		5287E852EA204D3156997711 /* Release */ = {
			isa = XCBuildConfiguration;
			buildSettings = {
				ALWAYS_SEARCH_USER_PATHS = NO;
				CLANG_ANALYZER_NONNULL = YES;
				CLANG_ANALYZER_NUMBER_OBJECT_CONVERSION = YES_AGGRESSIVE;
				CLANG_CXX_LANGUAGE_STANDARD = "gnu++14";
				CLANG_CXX_LIBRARY = "libc++";
				CLANG_ENABLE_MODULES = YES;
				CLANG_ENABLE_OBJC_ARC = YES;
				CLANG_ENABLE_OBJC_WEAK = YES;
				CLANG_WARN_BLOCK_CAPTURE_AUTORELEASING = YES;
				CLANG_WARN_BOOL_CONVERSION = YES;
				CLANG_WARN_COMMA = YES;
				CLANG_WARN_CONSTANT_CONVERSION = YES;
				CLANG_WARN_DEPRECATED_OBJC_IMPLEMENTATIONS = YES;
				CLANG_WARN_DIRECT_OBJC_ISA_USAGE = YES_ERROR;
				CLANG_WARN_DOCUMENTATION_COMMENTS = YES;
				CLANG_WARN_EMPTY_BODY = YES;
				CLANG_WARN_ENUM_CONVERSION = YES;
				CLANG_WARN_INFINITE_RECURSION = YES;
				CLANG_WARN_INT_CONVERSION = YES;
				CLANG_WARN_NON_LITERAL_NULL_CONVERSION = YES;
				CLANG_WARN_OBJC_IMPLICIT_RETAIN_SELF = YES;
				CLANG_WARN_OBJC_LITERAL_CONVERSION = YES;
				CLANG_WARN_OBJC_ROOT_CLASS = YES_ERROR;
				CLANG_WARN_QUOTED_INCLUDE_IN_FRAMEWORK_HEADER = YES;
				CLANG_WARN_RANGE_LOOP_ANALYSIS = YES;
				CLANG_WARN_STRICT_PROTOTYPES = YES;
				CLANG_WARN_SUSPICIOUS_MOVE = YES;
				CLANG_WARN_UNGUARDED_AVAILABILITY = YES_AGGRESSIVE;
				CLANG_WARN_UNREACHABLE_CODE = YES;
				CLANG_WARN__DUPLICATE_METHOD_MATCH = YES;
				COPY_PHASE_STRIP = NO;
				DEBUG_INFORMATION_FORMAT = "dwarf-with-dsym";
				ENABLE_NS_ASSERTIONS = NO;
				ENABLE_STRICT_OBJC_MSGSEND = YES;
				GCC_C_LANGUAGE_STANDARD = gnu11;
				GCC_NO_COMMON_BLOCKS = YES;
				GCC_WARN_64_TO_32_BIT_CONVERSION = YES;
				GCC_WARN_ABOUT_RETURN_TYPE = YES_ERROR;
				GCC_WARN_UNDECLARED_SELECTOR = YES;
				GCC_WARN_UNINITIALIZED_AUTOS = YES_AGGRESSIVE;
				GCC_WARN_UNUSED_FUNCTION = YES;
				GCC_WARN_UNUSED_VARIABLE = YES;
				IPHONEOS_DEPLOYMENT_TARGET = 17.0;
				MTL_ENABLE_DEBUG_INFO = NO;
				MTL_FAST_MATH = YES;
				PRODUCT_BUNDLE_IDENTIFIER = com.portalsos.app;
				PRODUCT_NAME = PortalOS;
				SDKROOT = iphoneos;
				SWIFT_COMPILATION_MODE = wholemodule;
				SWIFT_OPTIMIZATION_LEVEL = "-O";
				SWIFT_VERSION = 5.0;
			};
			name = Release;
		};
		B046A2976BE5F3FF829BC248 /* Debug */ = {
			isa = XCBuildConfiguration;
			baseConfigurationReference = A91C4E7B2F8D4A1E9C3B5D60 /* PortalsOS.xcconfig */;
			buildSettings = {
				ASSETCATALOG_COMPILER_APPICON_NAME = AppIcon;
				CODE_SIGN_IDENTITY = "iPhone Developer";
				DEVELOPMENT_TEAM = 4L6ZN6P74D;
				GENERATE_INFOPLIST_FILE = YES;
				INFOPLIST_FILE = Resources/Info.plist;
				INFOPLIST_KEY_CFBundleDisplayName = PortalOS;
				INFOPLIST_KEY_NSCameraUsageDescription = "PortalOS Camera uses the camera so Insight can describe what you capture.";
				INFOPLIST_KEY_NSPhotoLibraryUsageDescription = "PortalOS can use a library photo when the Simulator has no camera.";
				INFOPLIST_KEY_NSLocationWhenInUseUsageDescription = "PortalOS uses your location for Weather forecasts and Maps routes. You can type a city or place instead.";
				INFOPLIST_KEY_NEBIUS_API_KEY = "$(NEBIUS_API_KEY)";
				INFOPLIST_KEY_GOOGLE_MAPS_API_KEY = "$(GOOGLE_MAPS_API_KEY)";
				INFOPLIST_KEY_UIApplicationSceneManifest_Generation = YES;
				INFOPLIST_KEY_UIApplicationSupportsIndirectInputEvents = YES;
				INFOPLIST_KEY_UILaunchScreen_Generation = YES;
				INFOPLIST_KEY_UISupportedInterfaceOrientations_iPad = "UIInterfaceOrientationPortrait UIInterfaceOrientationPortraitUpsideDown UIInterfaceOrientationLandscapeLeft UIInterfaceOrientationLandscapeRight";
				INFOPLIST_KEY_UISupportedInterfaceOrientations_iPhone = UIInterfaceOrientationPortrait;
				IPHONEOS_DEPLOYMENT_TARGET = 17.0;
				LD_RUNPATH_SEARCH_PATHS = (
					"$(inherited)",
					"@executable_path/Frameworks",
				);
				SDKROOT = iphoneos;
				TARGETED_DEVICE_FAMILY = "1,2";
			};
			name = Debug;
		};
		F1A6BB969FB29C5F52757350 /* Release */ = {
			isa = XCBuildConfiguration;
			baseConfigurationReference = A91C4E7B2F8D4A1E9C3B5D60 /* PortalsOS.xcconfig */;
			buildSettings = {
				ASSETCATALOG_COMPILER_APPICON_NAME = AppIcon;
				CODE_SIGN_IDENTITY = "iPhone Developer";
				DEVELOPMENT_TEAM = 4L6ZN6P74D;
				GENERATE_INFOPLIST_FILE = YES;
				INFOPLIST_FILE = Resources/Info.plist;
				INFOPLIST_KEY_CFBundleDisplayName = PortalOS;
				INFOPLIST_KEY_NSCameraUsageDescription = "PortalOS Camera uses the camera so Insight can describe what you capture.";
				INFOPLIST_KEY_NSPhotoLibraryUsageDescription = "PortalOS can use a library photo when the Simulator has no camera.";
				INFOPLIST_KEY_NSLocationWhenInUseUsageDescription = "PortalOS uses your location for Weather forecasts and Maps routes. You can type a city or place instead.";
				INFOPLIST_KEY_NEBIUS_API_KEY = "$(NEBIUS_API_KEY)";
				INFOPLIST_KEY_GOOGLE_MAPS_API_KEY = "$(GOOGLE_MAPS_API_KEY)";
				INFOPLIST_KEY_UIApplicationSceneManifest_Generation = YES;
				INFOPLIST_KEY_UIApplicationSupportsIndirectInputEvents = YES;
				INFOPLIST_KEY_UILaunchScreen_Generation = YES;
				INFOPLIST_KEY_UISupportedInterfaceOrientations_iPad = "UIInterfaceOrientationPortrait UIInterfaceOrientationPortraitUpsideDown UIInterfaceOrientationLandscapeLeft UIInterfaceOrientationLandscapeRight";
				INFOPLIST_KEY_UISupportedInterfaceOrientations_iPhone = UIInterfaceOrientationPortrait;
				IPHONEOS_DEPLOYMENT_TARGET = 17.0;
				LD_RUNPATH_SEARCH_PATHS = (
					"$(inherited)",
					"@executable_path/Frameworks",
				);
				SDKROOT = iphoneos;
				TARGETED_DEVICE_FAMILY = "1,2";
			};
			name = Release;
		};
/* End XCBuildConfiguration section */

/* Begin XCConfigurationList section */
		9972A004DA97D34A14B3C4F5 /* Build configuration list for PBXProject "PortalsOS" */ = {
			isa = XCConfigurationList;
			buildConfigurations = (
				032E52D31B843EFBF99A5318 /* Debug */,
				5287E852EA204D3156997711 /* Release */,
			);
			defaultConfigurationIsVisible = 0;
			defaultConfigurationName = Debug;
		};
		AE0080CE2C0DC3705D21347B /* Build configuration list for PBXNativeTarget "PortalsOS" */ = {
			isa = XCConfigurationList;
			buildConfigurations = (
				B046A2976BE5F3FF829BC248 /* Debug */,
				F1A6BB969FB29C5F52757350 /* Release */,
			);
			defaultConfigurationIsVisible = 0;
			defaultConfigurationName = Debug;
		};
/* End XCConfigurationList section */
	};
	rootObject = BD0CD667F8093416ADF1B290 /* Project object */;
}
